// !$*UTF8*$!
{
	archiveVersion = 1;
	classes = {
	};
	objectVersion = 50;
	objects = {

/* Begin PBXBuildFile section */
		3B1537C72664BC010099DB06 /* WordScrambleViewController.swift in Sources */ = {isa = PBXBuildFile; fileRef = 3B1537C62664BC010099DB06 /* WordScrambleViewController.swift */; };
		3B1537C92664C2B40099DB06 /* start.txt in Resources */ = {isa = PBXBuildFile; fileRef = 3B1537C82664C2B40099DB06 /* start.txt */; };
		3B21EFC82660CC89002E6154 /* nssl0049.jpg in Resources */ = {isa = PBXBuildFile; fileRef = 3B21EFBE2660CC88002E6154 /* nssl0049.jpg */; };
		3B21EFC92660CC89002E6154 /* nssl0042.jpg in Resources */ = {isa = PBXBuildFile; fileRef = 3B21EFBF2660CC88002E6154 /* nssl0042.jpg */; };
		3B21EFCA2660CC89002E6154 /* nssl0041.jpg in Resources */ = {isa = PBXBuildFile; fileRef = 3B21EFC02660CC88002E6154 /* nssl0041.jpg */; };
		3B21EFCB2660CC89002E6154 /* nssl0051.jpg in Resources */ = {isa = PBXBuildFile; fileRef = 3B21EFC12660CC88002E6154 /* nssl0051.jpg */; };
		3B21EFCC2660CC89002E6154 /* nssl0033.jpg in Resources */ = {isa = PBXBuildFile; fileRef = 3B21EFC22660CC88002E6154 /* nssl0033.jpg */; };
		3B21EFCD2660CC89002E6154 /* nssl0091.jpg in Resources */ = {isa = PBXBuildFile; fileRef = 3B21EFC32660CC88002E6154 /* nssl0091.jpg */; };
		3B21EFCE2660CC89002E6154 /* nssl0043.jpg in Resources */ = {isa = PBXBuildFile; fileRef = 3B21EFC42660CC89002E6154 /* nssl0043.jpg */; };
		3B21EFCF2660CC89002E6154 /* nssl0034.jpg in Resources */ = {isa = PBXBuildFile; fileRef = 3B21EFC52660CC89002E6154 /* nssl0034.jpg */; };
		3B21EFD02660CC89002E6154 /* nssl0045.jpg in Resources */ = {isa = PBXBuildFile; fileRef = 3B21EFC62660CC89002E6154 /* nssl0045.jpg */; };
		3B21EFD12660CC89002E6154 /* nssl0046.jpg in Resources */ = {isa = PBXBuildFile; fileRef = 3B21EFC72660CC89002E6154 /* nssl0046.jpg */; };
		3B21EFD32660CE97002E6154 /* StormViewerViewController.swift in Sources */ = {isa = PBXBuildFile; fileRef = 3B21EFD22660CE97002E6154 /* StormViewerViewController.swift */; };
		3B21EFD52660D633002E6154 /* StormViewer.storyboard in Resources */ = {isa = PBXBuildFile; fileRef = 3B21EFD42660D633002E6154 /* StormViewer.storyboard */; };
		3B21EFD72660D6A9002E6154 /* StormViewerDetailViewController.swift in Sources */ = {isa = PBXBuildFile; fileRef = 3B21EFD62660D6A9002E6154 /* StormViewerDetailViewController.swift */; };
		3B21EFDA2660E0BE002E6154 /* Flag.xcassets in Resources */ = {isa = PBXBuildFile; fileRef = 3B21EFD92660E0BE002E6154 /* Flag.xcassets */; };
		3B21EFDD2660E203002E6154 /* GuessTheFlagViewController.swift in Sources */ = {isa = PBXBuildFile; fileRef = 3B21EFDB2660E203002E6154 /* GuessTheFlagViewController.swift */; };
		3B21EFDE2660E203002E6154 /* GuessTheFlagViewController.xib in Resources */ = {isa = PBXBuildFile; fileRef = 3B21EFDC2660E203002E6154 /* GuessTheFlagViewController.xib */; };
		3B21EFF72660F632002E6154 /* WebViewController.swift in Sources */ = {isa = PBXBuildFile; fileRef = 3B21EFF62660F632002E6154 /* WebViewController.swift */; };
		3B98D89626608CE800F483DB /* AppDelegate.swift in Sources */ = {isa = PBXBuildFile; fileRef = 3B98D89526608CE800F483DB /* AppDelegate.swift */; };
		3B98D89826608CE800F483DB /* SceneDelegate.swift in Sources */ = {isa = PBXBuildFile; fileRef = 3B98D89726608CE800F483DB /* SceneDelegate.swift */; };
		3B98D89A26608CE800F483DB /* MasterViewController.swift in Sources */ = {isa = PBXBuildFile; fileRef = 3B98D89926608CE800F483DB /* MasterViewController.swift */; };
		3B98D89D26608CE800F483DB /* Main.storyboard in Resources */ = {isa = PBXBuildFile; fileRef = 3B98D89B26608CE800F483DB /* Main.storyboard */; };
		3B98D89F26608CEB00F483DB /* Assets.xcassets in Resources */ = {isa = PBXBuildFile; fileRef = 3B98D89E26608CEB00F483DB /* Assets.xcassets */; };
		3B98D8A226608CEB00F483DB /* LaunchScreen.storyboard in Resources */ = {isa = PBXBuildFile; fileRef = 3B98D8A026608CEB00F483DB /* LaunchScreen.storyboard */; };
		3B98D8AD26608EEF00F483DB /* MasterViewCell.swift in Sources */ = {isa = PBXBuildFile; fileRef = 3B98D8AB26608EEF00F483DB /* MasterViewCell.swift */; };
		3B98D8AE26608EEF00F483DB /* MasterViewCell.xib in Resources */ = {isa = PBXBuildFile; fileRef = 3B98D8AC26608EEF00F483DB /* MasterViewCell.xib */; };
		3B98D8B2266090E900F483DB /* UIView+Extension.swift in Sources */ = {isa = PBXBuildFile; fileRef = 3B98D8B1266090E900F483DB /* UIView+Extension.swift */; };
		3B98D8B52660915200F483DB /* Master.swift in Sources */ = {isa = PBXBuildFile; fileRef = 3B98D8B42660915200F483DB /* Master.swift */; };
/* End PBXBuildFile section */

/* Begin PBXFileReference section */
		3B1537C62664BC010099DB06 /* WordScrambleViewController.swift */ = {isa = PBXFileReference; lastKnownFileType = sourcecode.swift; path = WordScrambleViewController.swift; sourceTree = "<group>"; };
		3B1537C82664C2B40099DB06 /* start.txt */ = {isa = PBXFileReference; fileEncoding = 4; lastKnownFileType = text; path = start.txt; sourceTree = "<group>"; };
		3B21EFBE2660CC88002E6154 /* nssl0049.jpg */ = {isa = PBXFileReference; lastKnownFileType = image.jpeg; path = nssl0049.jpg; sourceTree = "<group>"; };
		3B21EFBF2660CC88002E6154 /* nssl0042.jpg */ = {isa = PBXFileReference; lastKnownFileType = image.jpeg; path = nssl0042.jpg; sourceTree = "<group>"; };
		3B21EFC02660CC88002E6154 /* nssl0041.jpg */ = {isa = PBXFileReference; lastKnownFileType = image.jpeg; path = nssl0041.jpg; sourceTree = "<group>"; };
		3B21EFC12660CC88002E6154 /* nssl0051.jpg */ = {isa = PBXFileReference; lastKnownFileType = image.jpeg; path = nssl0051.jpg; sourceTree = "<group>"; };
		3B21EFC22660CC88002E6154 /* nssl0033.jpg */ = {isa = PBXFileReference; lastKnownFileType = image.jpeg; path = nssl0033.jpg; sourceTree = "<group>"; };
		3B21EFC32660CC88002E6154 /* nssl0091.jpg */ = {isa = PBXFileReference; lastKnownFileType = image.jpeg; path = nssl0091.jpg; sourceTree = "<group>"; };
		3B21EFC42660CC89002E6154 /* nssl0043.jpg */ = {isa = PBXFileReference; lastKnownFileType = image.jpeg; path = nssl0043.jpg; sourceTree = "<group>"; };
		3B21EFC52660CC89002E6154 /* nssl0034.jpg */ = {isa = PBXFileReference; lastKnownFileType = image.jpeg; path = nssl0034.jpg; sourceTree = "<group>"; };
		3B21EFC62660CC89002E6154 /* nssl0045.jpg */ = {isa = PBXFileReference; lastKnownFileType = image.jpeg; path = nssl0045.jpg; sourceTree = "<group>"; };
		3B21EFC72660CC89002E6154 /* nssl0046.jpg */ = {isa = PBXFileReference; lastKnownFileType = image.jpeg; path = nssl0046.jpg; sourceTree = "<group>"; };
		3B21EFD22660CE97002E6154 /* StormViewerViewController.swift */ = {isa = PBXFileReference; lastKnownFileType = sourcecode.swift; path = StormViewerViewController.swift; sourceTree = "<group>"; };
		3B21EFD42660D633002E6154 /* StormViewer.storyboard */ = {isa = PBXFileReference; lastKnownFileType = file.storyboard; path = StormViewer.storyboard; sourceTree = "<group>"; };
		3B21EFD62660D6A9002E6154 /* StormViewerDetailViewController.swift */ = {isa = PBXFileReference; lastKnownFileType = sourcecode.swift; path = StormViewerDetailViewController.swift; sourceTree = "<group>"; };
		3B21EFD92660E0BE002E6154 /* Flag.xcassets */ = {isa = PBXFileReference; lastKnownFileType = folder.assetcatalog; path = Flag.xcassets; sourceTree = "<group>"; };
		3B21EFDB2660E203002E6154 /* GuessTheFlagViewController.swift */ = {isa = PBXFileReference; lastKnownFileType = sourcecode.swift; path = GuessTheFlagViewController.swift; sourceTree = "<group>"; };
		3B21EFDC2660E203002E6154 /* GuessTheFlagViewController.xib */ = {isa = PBXFileReference; lastKnownFileType = file.xib; path = GuessTheFlagViewController.xib; sourceTree = "<group>"; };
		3B21EFF62660F632002E6154 /* WebViewController.swift */ = {isa = PBXFileReference; lastKnownFileType = sourcecode.swift; path = WebViewController.swift; sourceTree = "<group>"; };
		3B98D89226608CE800F483DB /* ProjectDemo.app */ = {isa = PBXFileReference; explicitFileType = wrapper.application; includeInIndex = 0; path = ProjectDemo.app; sourceTree = BUILT_PRODUCTS_DIR; };
		3B98D89526608CE800F483DB /* AppDelegate.swift */ = {isa = PBXFileReference; lastKnownFileType = sourcecode.swift; path = AppDelegate.swift; sourceTree = "<group>"; };
		3B98D89726608CE800F483DB /* SceneDelegate.swift */ = {isa = PBXFileReference; lastKnownFileType = sourcecode.swift; path = SceneDelegate.swift; sourceTree = "<group>"; };
		3B98D89926608CE800F483DB /* MasterViewController.swift */ = {isa = PBXFileReference; lastKnownFileType = sourcecode.swift; path = MasterViewController.swift; sourceTree = "<group>"; };
		3B98D89C26608CE800F483DB /* Base */ = {isa = PBXFileReference; lastKnownFileType = file.storyboard; name = Base; path = Base.lproj/Main.storyboard; sourceTree = "<group>"; };
		3B98D89E26608CEB00F483DB /* Assets.xcassets */ = {isa = PBXFileReference; lastKnownFileType = folder.assetcatalog; path = Assets.xcassets; sourceTree = "<group>"; };
		3B98D8A126608CEB00F483DB /* Base */ = {isa = PBXFileReference; lastKnownFileType = file.storyboard; name = Base; path = Base.lproj/LaunchScreen.storyboard; sourceTree = "<group>"; };
		3B98D8A326608CEB00F483DB /* Info.plist */ = {isa = PBXFileReference; lastKnownFileType = text.plist.xml; path = Info.plist; sourceTree = "<group>"; };
		3B98D8AB26608EEF00F483DB /* MasterViewCell.swift */ = {isa = PBXFileReference; lastKnownFileType = sourcecode.swift; path = MasterViewCell.swift; sourceTree = "<group>"; };
		3B98D8AC26608EEF00F483DB /* MasterViewCell.xib */ = {isa = PBXFileReference; lastKnownFileType = file.xib; path = MasterViewCell.xib; sourceTree = "<group>"; };
		3B98D8B1266090E900F483DB /* UIView+Extension.swift */ = {isa = PBXFileReference; lastKnownFileType = sourcecode.swift; path = "UIView+Extension.swift"; sourceTree = "<group>"; };
		3B98D8B42660915200F483DB /* Master.swift */ = {isa = PBXFileReference; lastKnownFileType = sourcecode.swift; path = Master.swift; sourceTree = "<group>"; };
/* End PBXFileReference section */

/* Begin PBXFrameworksBuildPhase section */
		3B98D88F26608CE800F483DB /* Frameworks */ = {
			isa = PBXFrameworksBuildPhase;
			buildActionMask = 2147483647;
			files = (
			);
			runOnlyForDeploymentPostprocessing = 0;
		};
/* End PBXFrameworksBuildPhase section */

/* Begin PBXGroup section */
		3B1537C52664BBE00099DB06 /* Project-5 */ = {
			isa = PBXGroup;
			children = (
				3B1537C82664C2B40099DB06 /* start.txt */,
				3B1537C62664BC010099DB06 /* WordScrambleViewController.swift */,
			);
			path = "Project-5";
			sourceTree = "<group>";
		};
		3B21EFBC2660CC51002E6154 /* Project-1 */ = {
			isa = PBXGroup;
			children = (
				3B21EFBD2660CC6B002E6154 /* images */,
				3B21EFD22660CE97002E6154 /* StormViewerViewController.swift */,
				3B21EFD62660D6A9002E6154 /* StormViewerDetailViewController.swift */,
				3B21EFD42660D633002E6154 /* StormViewer.storyboard */,
			);
			path = "Project-1";
			sourceTree = "<group>";
		};
		3B21EFBD2660CC6B002E6154 /* images */ = {
			isa = PBXGroup;
			children = (
				3B21EFC22660CC88002E6154 /* nssl0033.jpg */,
				3B21EFC52660CC89002E6154 /* nssl0034.jpg */,
				3B21EFC02660CC88002E6154 /* nssl0041.jpg */,
				3B21EFBF2660CC88002E6154 /* nssl0042.jpg */,
				3B21EFC42660CC89002E6154 /* nssl0043.jpg */,
				3B21EFC62660CC89002E6154 /* nssl0045.jpg */,
				3B21EFC72660CC89002E6154 /* nssl0046.jpg */,
				3B21EFBE2660CC88002E6154 /* nssl0049.jpg */,
				3B21EFC12660CC88002E6154 /* nssl0051.jpg */,
				3B21EFC32660CC88002E6154 /* nssl0091.jpg */,
			);
			path = images;
			sourceTree = "<group>";
		};
		3B21EFD82660E075002E6154 /* Project-2 */ = {
			isa = PBXGroup;
			children = (
				3B21EFD92660E0BE002E6154 /* Flag.xcassets */,
				3B21EFDB2660E203002E6154 /* GuessTheFlagViewController.swift */,
				3B21EFDC2660E203002E6154 /* GuessTheFlagViewController.xib */,
			);
			path = "Project-2";
			sourceTree = "<group>";
		};
		3B21EFF52660F3D5002E6154 /* Project-4 */ = {
			isa = PBXGroup;
			children = (
				3B21EFF62660F632002E6154 /* WebViewController.swift */,
			);
			path = "Project-4";
			sourceTree = "<group>";
		};
		3B98D88926608CE800F483DB = {
			isa = PBXGroup;
			children = (
				3B98D89426608CE800F483DB /* ProjectDemo */,
				3B98D89326608CE800F483DB /* Products */,
			);
			sourceTree = "<group>";
		};
		3B98D89326608CE800F483DB /* Products */ = {
			isa = PBXGroup;
			children = (
				3B98D89226608CE800F483DB /* ProjectDemo.app */,
			);
			name = Products;
			sourceTree = "<group>";
		};
		3B98D89426608CE800F483DB /* ProjectDemo */ = {
			isa = PBXGroup;
			children = (
				3B1537C52664BBE00099DB06 /* Project-5 */,
				3B21EFF52660F3D5002E6154 /* Project-4 */,
				3B21EFD82660E075002E6154 /* Project-2 */,
				3B21EFBC2660CC51002E6154 /* Project-1 */,
				3B98D89526608CE800F483DB /* AppDelegate.swift */,
				3B98D89726608CE800F483DB /* SceneDelegate.swift */,
				3B98D89926608CE800F483DB /* MasterViewController.swift */,
				3B98D8AB26608EEF00F483DB /* MasterViewCell.swift */,
				3B98D8AC26608EEF00F483DB /* MasterViewCell.xib */,
				3B98D8B42660915200F483DB /* Master.swift */,
				3B98D8B1266090E900F483DB /* UIView+Extension.swift */,
				3B98D89B26608CE800F483DB /* Main.storyboard */,
				3B98D89E26608CEB00F483DB /* Assets.xcassets */,
				3B98D8A026608CEB00F483DB /* LaunchScreen.storyboard */,
				3B98D8A326608CEB00F483DB /* Info.plist */,
			);
			path = ProjectDemo;
			sourceTree = "<group>";
		};
/* End PBXGroup section */

/* Begin PBXNativeTarget section */
		3B98D89126608CE800F483DB /* ProjectDemo */ = {
			isa = PBXNativeTarget;
			buildConfigurationList = 3B98D8A626608CEB00F483DB /* Build configuration list for PBXNativeTarget "ProjectDemo" */;
			buildPhases = (
				3B98D88E26608CE800F483DB /* Sources */,
				3B98D88F26608CE800F483DB /* Frameworks */,
				3B98D89026608CE800F483DB /* Resources */,
			);
			buildRules = (
			);
			dependencies = (
			);
			name = ProjectDemo;
			productName = ProjectDemo;
			productReference = 3B98D89226608CE800F483DB /* ProjectDemo.app */;
			productType = "com.apple.product-type.application";
		};
/* End PBXNativeTarget section */

/* Begin PBXProject section */
		3B98D88A26608CE800F483DB /* Project object */ = {
			isa = PBXProject;
			attributes = {
				LastSwiftUpdateCheck = 1240;
				LastUpgradeCheck = 1240;
				TargetAttributes = {
					3B98D89126608CE800F483DB = {
						CreatedOnToolsVersion = 12.4;
					};
				};
			};
			buildConfigurationList = 3B98D88D26608CE800F483DB /* Build configuration list for PBXProject "ProjectDemo" */;
			compatibilityVersion = "Xcode 9.3";
			developmentRegion = en;
			hasScannedForEncodings = 0;
			knownRegions = (
				en,
				Base,
			);
			mainGroup = 3B98D88926608CE800F483DB;
			productRefGroup = 3B98D89326608CE800F483DB /* Products */;
			projectDirPath = "";
			projectRoot = "";
			targets = (
				3B98D89126608CE800F483DB /* ProjectDemo */,
			);
		};
/* End PBXProject section */

/* Begin PBXResourcesBuildPhase section */
		3B98D89026608CE800F483DB /* Resources */ = {
			isa = PBXResourcesBuildPhase;
			buildActionMask = 2147483647;
			files = (
				3B21EFCA2660CC89002E6154 /* nssl0041.jpg in Resources */,
				3B1537C92664C2B40099DB06 /* start.txt in Resources */,
				3B21EFD12660CC89002E6154 /* nssl0046.jpg in Resources */,
				3B21EFCB2660CC89002E6154 /* nssl0051.jpg in Resources */,
				3B21EFDA2660E0BE002E6154 /* Flag.xcassets in Resources */,
				3B21EFC82660CC89002E6154 /* nssl0049.jpg in Resources */,
				3B21EFD02660CC89002E6154 /* nssl0045.jpg in Resources */,
				3B21EFCE2660CC89002E6154 /* nssl0043.jpg in Resources */,
				3B21EFC92660CC89002E6154 /* nssl0042.jpg in Resources */,
				3B21EFCC2660CC89002E6154 /* nssl0033.jpg in Resources */,
				3B21EFDE2660E203002E6154 /* GuessTheFlagViewController.xib in Resources */,
				3B21EFD52660D633002E6154 /* StormViewer.storyboard in Resources */,
				3B21EFCD2660CC89002E6154 /* nssl0091.jpg in Resources */,
				3B98D8A226608CEB00F483DB /* LaunchScreen.storyboard in Resources */,
				3B98D89F26608CEB00F483DB /* Assets.xcassets in Resources */,
				3B98D8AE26608EEF00F483DB /* MasterViewCell.xib in Resources */,
				3B21EFCF2660CC89002E6154 /* nssl0034.jpg in Resources */,
				3B98D89D26608CE800F483DB /* Main.storyboard in Resources */,
			);
			runOnlyForDeploymentPostprocessing = 0;
		};
/* End PBXResourcesBuildPhase section */

/* Begin PBXSourcesBuildPhase section */
		3B98D88E26608CE800F483DB /* Sources */ = {
			isa = PBXSourcesBuildPhase;
			buildActionMask = 2147483647;
			files = (
				3B21EFDD2660E203002E6154 /* GuessTheFlagViewController.swift in Sources */,
				3B1537C72664BC010099DB06 /* WordScrambleViewController.swift in Sources */,
				3B98D89A26608CE800F483DB /* MasterViewController.swift in Sources */,
				3B21EFD72660D6A9002E6154 /* StormViewerDetailViewController.swift in Sources */,
				3B21EFF72660F632002E6154 /* WebViewController.swift in Sources */,
				3B21EFD32660CE97002E6154 /* StormViewerViewController.swift in Sources */,
				3B98D89626608CE800F483DB /* AppDelegate.swift in Sources */,
				3B98D8AD26608EEF00F483DB /* MasterViewCell.swift in Sources */,
				3B98D8B52660915200F483DB /* Master.swift in Sources */,
				3B98D8B2266090E900F483DB /* UIView+Extension.swift in Sources */,
				3B98D89826608CE800F483DB /* SceneDelegate.swift in Sources */,
			);
			runOnlyForDeploymentPostprocessing = 0;
		};
/* End PBXSourcesBuildPhase section */

/* Begin PBXVariantGroup section */
		3B98D89B26608CE800F483DB /* Main.storyboard */ = {
			isa = PBXVariantGroup;
			children = (
				3B98D89C26608CE800F483DB /* Base */,
			);
			name = Main.storyboard;
			sourceTree = "<group>";
		};
		3B98D8A026608CEB00F483DB /* LaunchScreen.storyboard */ = {
			isa = PBXVariantGroup;
			children = (
				3B98D8A126608CEB00F483DB /* Base */,
			);
			name = LaunchScreen.storyboard;
			sourceTree = "<group>";
		};
/* End PBXVariantGroup section */

/* Begin XCBuildConfiguration section */
		3B98D8A426608CEB00F483DB /* Debug */ = {
			isa = XCBuildConfiguration;
			buildSettings = {
				ALWAYS_SEARCH_USER_PATHS = NO;
				CLANG_ANALYZER_NONNULL = YES;
				CLANG_ANALYZER_NUMBER_OBJECT_CONVERSION = YES_AGGRESSIVE;
				CLANG_CXX_LANGUAGE_STANDARD = "gnu++14";
				CLANG_CXX_LIBRARY = "libc++";
				CLANG_ENABLE_MODULES = YES;
				CLANG_ENABLE_OBJC_ARC = YES;
				CLANG_ENABLE_OBJC_WEAK = YES;
				CLANG_WARN_BLOCK_CAPTURE_AUTORELEASING = YES;
				CLANG_WARN_BOOL_CONVERSION = YES;
				CLANG_WARN_COMMA = YES;
				CLANG_WARN_CONSTANT_CONVERSION = YES;
				CLANG_WARN_DEPRECATED_OBJC_IMPLEMENTATIONS = YES;
				CLANG_WARN_DIRECT_OBJC_ISA_USAGE = YES_ERROR;
				CLANG_WARN_DOCUMENTATION_COMMENTS = YES;
				CLANG_WARN_EMPTY_BODY = YES;
				CLANG_WARN_ENUM_CONVERSION = YES;
				CLANG_WARN_INFINITE_RECURSION = YES;
				CLANG_WARN_INT_CONVERSION = YES;
				CLANG_WARN_NON_LITERAL_NULL_CONVERSION = YES;
				CLANG_WARN_OBJC_IMPLICIT_RETAIN_SELF = YES;
				CLANG_WARN_OBJC_LITERAL_CONVERSION = YES;
				CLANG_WARN_OBJC_ROOT_CLASS = YES_ERROR;
				CLANG_WARN_QUOTED_INCLUDE_IN_FRAMEWORK_HEADER = YES;
				CLANG_WARN_RANGE_LOOP_ANALYSIS = YES;
				CLANG_WARN_STRICT_PROTOTYPES = YES;
				CLANG_WARN_SUSPICIOUS_MOVE = YES;
				CLANG_WARN_UNGUARDED_AVAILABILITY = YES_AGGRESSIVE;
				CLANG_WARN_UNREACHABLE_CODE = YES;
				CLANG_WARN__DUPLICATE_METHOD_MATCH = YES;
				COPY_PHASE_STRIP = NO;
				DEBUG_INFORMATION_FORMAT = dwarf;
				ENABLE_STRICT_OBJC_MSGSEND = YES;
				ENABLE_TESTABILITY = YES;
				GCC_C_LANGUAGE_STANDARD = gnu11;
				GCC_DYNAMIC_NO_PIC = NO;
				GCC_NO_COMMON_BLOCKS = YES;
				GCC_OPTIMIZATION_LEVEL = 0;
				GCC_PREPROCESSOR_DEFINITIONS = (
					"DEBUG=1",
					"$(inherited)",
				);
				GCC_WARN_64_TO_32_BIT_CONVERSION = YES;
				GCC_WARN_ABOUT_RETURN_TYPE = YES_ERROR;
				GCC_WARN_UNDECLARED_SELECTOR = YES;
				GCC_WARN_UNINITIALIZED_AUTOS = YES_AGGRESSIVE;
				GCC_WARN_UNUSED_FUNCTION = YES;
				GCC_WARN_UNUSED_VARIABLE = YES;
				IPHONEOS_DEPLOYMENT_TARGET = 14.4;
				MTL_ENABLE_DEBUG_INFO = INCLUDE_SOURCE;
				MTL_FAST_MATH = YES;
				ONLY_ACTIVE_ARCH = YES;
				SDKROOT = iphoneos;
				SWIFT_ACTIVE_COMPILATION_CONDITIONS = DEBUG;
				SWIFT_OPTIMIZATION_LEVEL = "-Onone";
			};
			name = Debug;
		};
		3B98D8A526608CEB00F483DB /* Release */ = {
			isa = XCBuildConfiguration;
			buildSettings = {
				ALWAYS_SEARCH_USER_PATHS = NO;
				CLANG_ANALYZER_NONNULL = YES;
				CLANG_ANALYZER_NUMBER_OBJECT_CONVERSION = YES_AGGRESSIVE;
				CLANG_CXX_LANGUAGE_STANDARD = "gnu++14";
				CLANG_CXX_LIBRARY = "libc++";
				CLANG_ENABLE_MODULES = YES;
				CLANG_ENABLE_OBJC_ARC = YES;
				CLANG_ENABLE_OBJC_WEAK = YES;
				CLANG_WARN_BLOCK_CAPTURE_AUTORELEASING = YES;
				CLANG_WARN_BOOL_CONVERSION = YES;
				CLANG_WARN_COMMA = YES;
				CLANG_WARN_CONSTANT_CONVERSION = YES;
				CLANG_WARN_DEPRECATED_OBJC_IMPLEMENTATIONS = YES;
				CLANG_WARN_DIRECT_OBJC_ISA_USAGE = YES_ERROR;
				CLANG_WARN_DOCUMENTATION_COMMENTS = YES;
				CLANG_WARN_EMPTY_BODY = YES;
				CLANG_WARN_ENUM_CONVERSION = YES;
				CLANG_WARN_INFINITE_RECURSION = YES;
				CLANG_WARN_INT_CONVERSION = YES;
				CLANG_WARN_NON_LITERAL_NULL_CONVERSION = YES;
				CLANG_WARN_OBJC_IMPLICIT_RETAIN_SELF = YES;
				CLANG_WARN_OBJC_LITERAL_CONVERSION = YES;
				CLANG_WARN_OBJC_ROOT_CLASS = YES_ERROR;
				CLANG_WARN_QUOTED_INCLUDE_IN_FRAMEWORK_HEADER = YES;
				CLANG_WARN_RANGE_LOOP_ANALYSIS = YES;
				CLANG_WARN_STRICT_PROTOTYPES = YES;
				CLANG_WARN_SUSPICIOUS_MOVE = YES;
				CLANG_WARN_UNGUARDED_AVAILABILITY = YES_AGGRESSIVE;
				CLANG_WARN_UNREACHABLE_CODE = YES;
				CLANG_WARN__DUPLICATE_METHOD_MATCH = YES;
				COPY_PHASE_STRIP = NO;
				DEBUG_INFORMATION_FORMAT = "dwarf-with-dsym";
				ENABLE_NS_ASSERTIONS = NO;
				ENABLE_STRICT_OBJC_MSGSEND = YES;
				GCC_C_LANGUAGE_STANDARD = gnu11;
				GCC_NO_COMMON_BLOCKS = YES;
				GCC_WARN_64_TO_32_BIT_CONVERSION = YES;
				GCC_WARN_ABOUT_RETURN_TYPE = YES_ERROR;
				GCC_WARN_UNDECLARED_SELECTOR = YES;
				GCC_WARN_UNINITIALIZED_AUTOS = YES_AGGRESSIVE;
				GCC_WARN_UNUSED_FUNCTION = YES;
				GCC_WARN_UNUSED_VARIABLE = YES;
				IPHONEOS_DEPLOYMENT_TARGET = 14.4;
				MTL_ENABLE_DEBUG_INFO = NO;
				MTL_FAST_MATH = YES;
				SDKROOT = iphoneos;
				SWIFT_COMPILATION_MODE = wholemodule;
				SWIFT_OPTIMIZATION_LEVEL = "-O";
				VALIDATE_PRODUCT = YES;
			};
			name = Release;
		};
		3B98D8A726608CEB00F483DB /* Debug */ = {
			isa = XCBuildConfiguration;
			buildSettings = {
				ASSETCATALOG_COMPILER_APPICON_NAME = AppIcon;
				ASSETCATALOG_COMPILER_GLOBAL_ACCENT_COLOR_NAME = AccentColor;
				CODE_SIGN_STYLE = Automatic;
				INFOPLIST_FILE = ProjectDemo/Info.plist;
				LD_RUNPATH_SEARCH_PATHS = (
					"$(inherited)",
					"@executable_path/Frameworks",
				);
				PRODUCT_BUNDLE_IDENTIFIER = com.tTao.ProjectDemo;
				PRODUCT_NAME = "$(TARGET_NAME)";
				SWIFT_VERSION = 5.0;
				TARGETED_DEVICE_FAMILY = "1,2";
			};
			name = Debug;
		};
		3B98D8A826608CEB00F483DB /* Release */ = {
			isa = XCBuildConfiguration;
			buildSettings = {
				ASSETCATALOG_COMPILER_APPICON_NAME = AppIcon;
				ASSETCATALOG_COMPILER_GLOBAL_ACCENT_COLOR_NAME = AccentColor;
				CODE_SIGN_STYLE = Automatic;
				INFOPLIST_FILE = ProjectDemo/Info.plist;
				LD_RUNPATH_SEARCH_PATHS = (
					"$(inherited)",
					"@executable_path/Frameworks",
				);
				PRODUCT_BUNDLE_IDENTIFIER = com.tTao.ProjectDemo;
				PRODUCT_NAME = "$(TARGET_NAME)";
				SWIFT_VERSION = 5.0;
				TARGETED_DEVICE_FAMILY = "1,2";
			};
			name = Release;
		};
/* End XCBuildConfiguration section */

/* Begin XCConfigurationList section */
		3B98D88D26608CE800F483DB /* Build configuration list for PBXProject "ProjectDemo" */ = {
			isa = XCConfigurationList;
			buildConfigurations = (
				3B98D8A426608CEB00F483DB /* Debug */,
				3B98D8A526608CEB00F483DB /* Release */,
			);
			defaultConfigurationIsVisible = 0;
			defaultConfigurationName = Release;
		};
		3B98D8A626608CEB00F483DB /* Build configuration list for PBXNativeTarget "ProjectDemo" */ = {
			isa = XCConfigurationList;
			buildConfigurations = (
				3B98D8A726608CEB00F483DB /* Debug */,
				3B98D8A826608CEB00F483DB /* Release */,
			);
			defaultConfigurationIsVisible = 0;
			defaultConfigurationName = Release;
		};
/* End XCConfigurationList section */
	};
	rootObject = 3B98D88A26608CE800F483DB /* Project object */;
}
