// !$*UTF8*$!
{
	archiveVersion = 1;
	classes = {
	};
	objectVersion = 50;
	objects = {

/* Begin PBXBuildFile section */
		3B4C2089251B3D65007FD5C3 /* CoreDataDemoApp.swift in Sources */ = {isa = PBXBuildFile; fileRef = 3B4C2088251B3D65007FD5C3 /* CoreDataDemoApp.swift */; };
		3B4C208B251B3D65007FD5C3 /* ContentView.swift in Sources */ = {isa = PBXBuildFile; fileRef = 3B4C208A251B3D65007FD5C3 /* ContentView.swift */; };
		3B4C208D251B3D67007FD5C3 /* Assets.xcassets in Resources */ = {isa = PBXBuildFile; fileRef = 3B4C208C251B3D67007FD5C3 /* Assets.xcassets */; };
		3B4C2090251B3D67007FD5C3 /* Preview Assets.xcassets in Resources */ = {isa = PBXBuildFile; fileRef = 3B4C208F251B3D67007FD5C3 /* Preview Assets.xcassets */; };
		3B4C2092251B3D67007FD5C3 /* Persistence.swift in Sources */ = {isa = PBXBuildFile; fileRef = 3B4C2091251B3D67007FD5C3 /* Persistence.swift */; };
		3B4C2095251B3D67007FD5C3 /* CoreDataDemo.xcdatamodeld in Sources */ = {isa = PBXBuildFile; fileRef = 3B4C2093251B3D67007FD5C3 /* CoreDataDemo.xcdatamodeld */; };
		3B4C20A5251B499F007FD5C3 /* Movie+CoreDataClass.swift in Sources */ = {isa = PBXBuildFile; fileRef = 3B4C20A3251B499F007FD5C3 /* Movie+CoreDataClass.swift */; };
		3B4C20A6251B499F007FD5C3 /* Movie+CoreDataProperties.swift in Sources */ = {isa = PBXBuildFile; fileRef = 3B4C20A4251B499F007FD5C3 /* Movie+CoreDataProperties.swift */; };
		3B4C20AA251B53AC007FD5C3 /* Country+CoreDataClass.swift in Sources */ = {isa = PBXBuildFile; fileRef = 3B4C20A8251B53AC007FD5C3 /* Country+CoreDataClass.swift */; };
		3B4C20AB251B53AC007FD5C3 /* Country+CoreDataProperties.swift in Sources */ = {isa = PBXBuildFile; fileRef = 3B4C20A9251B53AC007FD5C3 /* Country+CoreDataProperties.swift */; };
		3B4C20B1251B53DC007FD5C3 /* Candy+CoreDataClass.swift in Sources */ = {isa = PBXBuildFile; fileRef = 3B4C20AF251B53DC007FD5C3 /* Candy+CoreDataClass.swift */; };
		3B4C20B2251B53DC007FD5C3 /* Candy+CoreDataProperties.swift in Sources */ = {isa = PBXBuildFile; fileRef = 3B4C20B0251B53DC007FD5C3 /* Candy+CoreDataProperties.swift */; };
		3B4C20BC251B5475007FD5C3 /* Singer+CoreDataClass.swift in Sources */ = {isa = PBXBuildFile; fileRef = 3B4C20BA251B5475007FD5C3 /* Singer+CoreDataClass.swift */; };
		3B4C20BD251B5475007FD5C3 /* Singer+CoreDataProperties.swift in Sources */ = {isa = PBXBuildFile; fileRef = 3B4C20BB251B5475007FD5C3 /* Singer+CoreDataProperties.swift */; };
		3B4C20C2251C7870007FD5C3 /* ShipContentView.swift in Sources */ = {isa = PBXBuildFile; fileRef = 3B4C20C1251C7870007FD5C3 /* ShipContentView.swift */; };
		3B4C20C6251C7AFA007FD5C3 /* WizardContentView.swift in Sources */ = {isa = PBXBuildFile; fileRef = 3B4C20C5251C7AFA007FD5C3 /* WizardContentView.swift */; };
		3B4C20CA251C7E0F007FD5C3 /* DynamicFilteringContentView.swift in Sources */ = {isa = PBXBuildFile; fileRef = 3B4C20C9251C7E0F007FD5C3 /* DynamicFilteringContentView.swift */; };
/* End PBXBuildFile section */

/* Begin PBXFileReference section */
		3B4C2085251B3D65007FD5C3 /* CoreDataDemo.app */ = {isa = PBXFileReference; explicitFileType = wrapper.application; includeInIndex = 0; path = CoreDataDemo.app; sourceTree = BUILT_PRODUCTS_DIR; };
		3B4C2088251B3D65007FD5C3 /* CoreDataDemoApp.swift */ = {isa = PBXFileReference; lastKnownFileType = sourcecode.swift; path = CoreDataDemoApp.swift; sourceTree = "<group>"; };
		3B4C208A251B3D65007FD5C3 /* ContentView.swift */ = {isa = PBXFileReference; lastKnownFileType = sourcecode.swift; path = ContentView.swift; sourceTree = "<group>"; };
		3B4C208C251B3D67007FD5C3 /* Assets.xcassets */ = {isa = PBXFileReference; lastKnownFileType = folder.assetcatalog; path = Assets.xcassets; sourceTree = "<group>"; };
		3B4C208F251B3D67007FD5C3 /* Preview Assets.xcassets */ = {isa = PBXFileReference; lastKnownFileType = folder.assetcatalog; path = "Preview Assets.xcassets"; sourceTree = "<group>"; };
		3B4C2091251B3D67007FD5C3 /* Persistence.swift */ = {isa = PBXFileReference; lastKnownFileType = sourcecode.swift; path = Persistence.swift; sourceTree = "<group>"; };
		3B4C2094251B3D67007FD5C3 /* CoreDataDemo.xcdatamodel */ = {isa = PBXFileReference; lastKnownFileType = wrapper.xcdatamodel; path = CoreDataDemo.xcdatamodel; sourceTree = "<group>"; };
		3B4C2096251B3D67007FD5C3 /* Info.plist */ = {isa = PBXFileReference; lastKnownFileType = text.plist.xml; path = Info.plist; sourceTree = "<group>"; };
		3B4C20A3251B499F007FD5C3 /* Movie+CoreDataClass.swift */ = {isa = PBXFileReference; lastKnownFileType = sourcecode.swift; path = "Movie+CoreDataClass.swift"; sourceTree = "<group>"; };
		3B4C20A4251B499F007FD5C3 /* Movie+CoreDataProperties.swift */ = {isa = PBXFileReference; lastKnownFileType = sourcecode.swift; path = "Movie+CoreDataProperties.swift"; sourceTree = "<group>"; };
		3B4C20A8251B53AC007FD5C3 /* Country+CoreDataClass.swift */ = {isa = PBXFileReference; lastKnownFileType = sourcecode.swift; path = "Country+CoreDataClass.swift"; sourceTree = "<group>"; };
		3B4C20A9251B53AC007FD5C3 /* Country+CoreDataProperties.swift */ = {isa = PBXFileReference; lastKnownFileType = sourcecode.swift; path = "Country+CoreDataProperties.swift"; sourceTree = "<group>"; };
		3B4C20AF251B53DC007FD5C3 /* Candy+CoreDataClass.swift */ = {isa = PBXFileReference; lastKnownFileType = sourcecode.swift; path = "Candy+CoreDataClass.swift"; sourceTree = "<group>"; };
		3B4C20B0251B53DC007FD5C3 /* Candy+CoreDataProperties.swift */ = {isa = PBXFileReference; lastKnownFileType = sourcecode.swift; path = "Candy+CoreDataProperties.swift"; sourceTree = "<group>"; };
		3B4C20BA251B5475007FD5C3 /* Singer+CoreDataClass.swift */ = {isa = PBXFileReference; lastKnownFileType = sourcecode.swift; path = "Singer+CoreDataClass.swift"; sourceTree = "<group>"; };
		3B4C20BB251B5475007FD5C3 /* Singer+CoreDataProperties.swift */ = {isa = PBXFileReference; lastKnownFileType = sourcecode.swift; path = "Singer+CoreDataProperties.swift"; sourceTree = "<group>"; };
		3B4C20C1251C7870007FD5C3 /* ShipContentView.swift */ = {isa = PBXFileReference; lastKnownFileType = sourcecode.swift; path = ShipContentView.swift; sourceTree = "<group>"; };
		3B4C20C5251C7AFA007FD5C3 /* WizardContentView.swift */ = {isa = PBXFileReference; lastKnownFileType = sourcecode.swift; path = WizardContentView.swift; sourceTree = "<group>"; };
		3B4C20C9251C7E0F007FD5C3 /* DynamicFilteringContentView.swift */ = {isa = PBXFileReference; lastKnownFileType = sourcecode.swift; path = DynamicFilteringContentView.swift; sourceTree = "<group>"; };
/* End PBXFileReference section */

/* Begin PBXFrameworksBuildPhase section */
		3B4C2082251B3D65007FD5C3 /* Frameworks */ = {
			isa = PBXFrameworksBuildPhase;
			buildActionMask = 2147483647;
			files = (
			);
			runOnlyForDeploymentPostprocessing = 0;
		};
/* End PBXFrameworksBuildPhase section */

/* Begin PBXGroup section */
		3B4C207C251B3D65007FD5C3 = {
			isa = PBXGroup;
			children = (
				3B4C2087251B3D65007FD5C3 /* CoreDataDemo */,
				3B4C2086251B3D65007FD5C3 /* Products */,
			);
			sourceTree = "<group>";
		};
		3B4C2086251B3D65007FD5C3 /* Products */ = {
			isa = PBXGroup;
			children = (
				3B4C2085251B3D65007FD5C3 /* CoreDataDemo.app */,
			);
			name = Products;
			sourceTree = "<group>";
		};
		3B4C2087251B3D65007FD5C3 /* CoreDataDemo */ = {
			isa = PBXGroup;
			children = (
				3B4C2088251B3D65007FD5C3 /* CoreDataDemoApp.swift */,
				3B4C208A251B3D65007FD5C3 /* ContentView.swift */,
				3B4C20C0251C785A007FD5C3 /* Views */,
				3B4C209D251B47CC007FD5C3 /* Extension */,
				3B4C208C251B3D67007FD5C3 /* Assets.xcassets */,
				3B4C2091251B3D67007FD5C3 /* Persistence.swift */,
				3B4C2096251B3D67007FD5C3 /* Info.plist */,
				3B4C2093251B3D67007FD5C3 /* CoreDataDemo.xcdatamodeld */,
				3B4C208E251B3D67007FD5C3 /* Preview Content */,
			);
			path = CoreDataDemo;
			sourceTree = "<group>";
		};
		3B4C208E251B3D67007FD5C3 /* Preview Content */ = {
			isa = PBXGroup;
			children = (
				3B4C208F251B3D67007FD5C3 /* Preview Assets.xcassets */,
			);
			path = "Preview Content";
			sourceTree = "<group>";
		};
		3B4C209D251B47CC007FD5C3 /* Extension */ = {
			isa = PBXGroup;
			children = (
				3B4C20A8251B53AC007FD5C3 /* Country+CoreDataClass.swift */,
				3B4C20A9251B53AC007FD5C3 /* Country+CoreDataProperties.swift */,
				3B4C20AF251B53DC007FD5C3 /* Candy+CoreDataClass.swift */,
				3B4C20B0251B53DC007FD5C3 /* Candy+CoreDataProperties.swift */,
				3B4C20BA251B5475007FD5C3 /* Singer+CoreDataClass.swift */,
				3B4C20BB251B5475007FD5C3 /* Singer+CoreDataProperties.swift */,
				3B4C20A3251B499F007FD5C3 /* Movie+CoreDataClass.swift */,
				3B4C20A4251B499F007FD5C3 /* Movie+CoreDataProperties.swift */,
			);
			path = Extension;
			sourceTree = "<group>";
		};
		3B4C20C0251C785A007FD5C3 /* Views */ = {
			isa = PBXGroup;
			children = (
				3B4C20C5251C7AFA007FD5C3 /* WizardContentView.swift */,
				3B4C20C1251C7870007FD5C3 /* ShipContentView.swift */,
				3B4C20C9251C7E0F007FD5C3 /* DynamicFilteringContentView.swift */,
			);
			path = Views;
			sourceTree = "<group>";
		};
/* End PBXGroup section */

/* Begin PBXNativeTarget section */
		3B4C2084251B3D65007FD5C3 /* CoreDataDemo */ = {
			isa = PBXNativeTarget;
			buildConfigurationList = 3B4C2099251B3D67007FD5C3 /* Build configuration list for PBXNativeTarget "CoreDataDemo" */;
			buildPhases = (
				3B4C2081251B3D65007FD5C3 /* Sources */,
				3B4C2082251B3D65007FD5C3 /* Frameworks */,
				3B4C2083251B3D65007FD5C3 /* Resources */,
			);
			buildRules = (
			);
			dependencies = (
			);
			name = CoreDataDemo;
			productName = CoreDataDemo;
			productReference = 3B4C2085251B3D65007FD5C3 /* CoreDataDemo.app */;
			productType = "com.apple.product-type.application";
		};
/* End PBXNativeTarget section */

/* Begin PBXProject section */
		3B4C207D251B3D65007FD5C3 /* Project object */ = {
			isa = PBXProject;
			attributes = {
				LastSwiftUpdateCheck = 1200;
				LastUpgradeCheck = 1200;
				TargetAttributes = {
					3B4C2084251B3D65007FD5C3 = {
						CreatedOnToolsVersion = 12.0;
					};
				};
			};
			buildConfigurationList = 3B4C2080251B3D65007FD5C3 /* Build configuration list for PBXProject "CoreDataDemo" */;
			compatibilityVersion = "Xcode 9.3";
			developmentRegion = en;
			hasScannedForEncodings = 0;
			knownRegions = (
				en,
				Base,
			);
			mainGroup = 3B4C207C251B3D65007FD5C3;
			productRefGroup = 3B4C2086251B3D65007FD5C3 /* Products */;
			projectDirPath = "";
			projectRoot = "";
			targets = (
				3B4C2084251B3D65007FD5C3 /* CoreDataDemo */,
			);
		};
/* End PBXProject section */

/* Begin PBXResourcesBuildPhase section */
		3B4C2083251B3D65007FD5C3 /* Resources */ = {
			isa = PBXResourcesBuildPhase;
			buildActionMask = 2147483647;
			files = (
				3B4C2090251B3D67007FD5C3 /* Preview Assets.xcassets in Resources */,
				3B4C208D251B3D67007FD5C3 /* Assets.xcassets in Resources */,
			);
			runOnlyForDeploymentPostprocessing = 0;
		};
/* End PBXResourcesBuildPhase section */

/* Begin PBXSourcesBuildPhase section */
		3B4C2081251B3D65007FD5C3 /* Sources */ = {
			isa = PBXSourcesBuildPhase;
			buildActionMask = 2147483647;
			files = (
				3B4C2092251B3D67007FD5C3 /* Persistence.swift in Sources */,
				3B4C20BD251B5475007FD5C3 /* Singer+CoreDataProperties.swift in Sources */,
				3B4C20B2251B53DC007FD5C3 /* Candy+CoreDataProperties.swift in Sources */,
				3B4C20BC251B5475007FD5C3 /* Singer+CoreDataClass.swift in Sources */,
				3B4C2095251B3D67007FD5C3 /* CoreDataDemo.xcdatamodeld in Sources */,
				3B4C20C6251C7AFA007FD5C3 /* WizardContentView.swift in Sources */,
				3B4C208B251B3D65007FD5C3 /* ContentView.swift in Sources */,
				3B4C20C2251C7870007FD5C3 /* ShipContentView.swift in Sources */,
				3B4C20A5251B499F007FD5C3 /* Movie+CoreDataClass.swift in Sources */,
				3B4C20AB251B53AC007FD5C3 /* Country+CoreDataProperties.swift in Sources */,
				3B4C20AA251B53AC007FD5C3 /* Country+CoreDataClass.swift in Sources */,
				3B4C20A6251B499F007FD5C3 /* Movie+CoreDataProperties.swift in Sources */,
				3B4C2089251B3D65007FD5C3 /* CoreDataDemoApp.swift in Sources */,
				3B4C20CA251C7E0F007FD5C3 /* DynamicFilteringContentView.swift in Sources */,
				3B4C20B1251B53DC007FD5C3 /* Candy+CoreDataClass.swift in Sources */,
			);
			runOnlyForDeploymentPostprocessing = 0;
		};
/* End PBXSourcesBuildPhase section */

/* Begin XCBuildConfiguration section */
		3B4C2097251B3D67007FD5C3 /* Debug */ = {
			isa = XCBuildConfiguration;
			buildSettings = {
				ALWAYS_SEARCH_USER_PATHS = NO;
				CLANG_ANALYZER_NONNULL = YES;
				CLANG_ANALYZER_NUMBER_OBJECT_CONVERSION = YES_AGGRESSIVE;
				CLANG_CXX_LANGUAGE_STANDARD = "gnu++14";
				CLANG_CXX_LIBRARY = "libc++";
				CLANG_ENABLE_MODULES = YES;
				CLANG_ENABLE_OBJC_ARC = YES;
				CLANG_ENABLE_OBJC_WEAK = YES;
				CLANG_WARN_BLOCK_CAPTURE_AUTORELEASING = YES;
				CLANG_WARN_BOOL_CONVERSION = YES;
				CLANG_WARN_COMMA = YES;
				CLANG_WARN_CONSTANT_CONVERSION = YES;
				CLANG_WARN_DEPRECATED_OBJC_IMPLEMENTATIONS = YES;
				CLANG_WARN_DIRECT_OBJC_ISA_USAGE = YES_ERROR;
				CLANG_WARN_DOCUMENTATION_COMMENTS = YES;
				CLANG_WARN_EMPTY_BODY = YES;
				CLANG_WARN_ENUM_CONVERSION = YES;
				CLANG_WARN_INFINITE_RECURSION = YES;
				CLANG_WARN_INT_CONVERSION = YES;
				CLANG_WARN_NON_LITERAL_NULL_CONVERSION = YES;
				CLANG_WARN_OBJC_IMPLICIT_RETAIN_SELF = YES;
				CLANG_WARN_OBJC_LITERAL_CONVERSION = YES;
				CLANG_WARN_OBJC_ROOT_CLASS = YES_ERROR;
				CLANG_WARN_QUOTED_INCLUDE_IN_FRAMEWORK_HEADER = YES;
				CLANG_WARN_RANGE_LOOP_ANALYSIS = YES;
				CLANG_WARN_STRICT_PROTOTYPES = YES;
				CLANG_WARN_SUSPICIOUS_MOVE = YES;
				CLANG_WARN_UNGUARDED_AVAILABILITY = YES_AGGRESSIVE;
				CLANG_WARN_UNREACHABLE_CODE = YES;
				CLANG_WARN__DUPLICATE_METHOD_MATCH = YES;
				COPY_PHASE_STRIP = NO;
				DEBUG_INFORMATION_FORMAT = dwarf;
				ENABLE_STRICT_OBJC_MSGSEND = YES;
				ENABLE_TESTABILITY = YES;
				GCC_C_LANGUAGE_STANDARD = gnu11;
				GCC_DYNAMIC_NO_PIC = NO;
				GCC_NO_COMMON_BLOCKS = YES;
				GCC_OPTIMIZATION_LEVEL = 0;
				GCC_PREPROCESSOR_DEFINITIONS = (
					"DEBUG=1",
					"$(inherited)",
				);
				GCC_WARN_64_TO_32_BIT_CONVERSION = YES;
				GCC_WARN_ABOUT_RETURN_TYPE = YES_ERROR;
				GCC_WARN_UNDECLARED_SELECTOR = YES;
				GCC_WARN_UNINITIALIZED_AUTOS = YES_AGGRESSIVE;
				GCC_WARN_UNUSED_FUNCTION = YES;
				GCC_WARN_UNUSED_VARIABLE = YES;
				IPHONEOS_DEPLOYMENT_TARGET = 14.0;
				MTL_ENABLE_DEBUG_INFO = INCLUDE_SOURCE;
				MTL_FAST_MATH = YES;
				ONLY_ACTIVE_ARCH = YES;
				SDKROOT = iphoneos;
				SWIFT_ACTIVE_COMPILATION_CONDITIONS = DEBUG;
				SWIFT_OPTIMIZATION_LEVEL = "-Onone";
			};
			name = Debug;
		};
		3B4C2098251B3D67007FD5C3 /* Release */ = {
			isa = XCBuildConfiguration;
			buildSettings = {
				ALWAYS_SEARCH_USER_PATHS = NO;
				CLANG_ANALYZER_NONNULL = YES;
				CLANG_ANALYZER_NUMBER_OBJECT_CONVERSION = YES_AGGRESSIVE;
				CLANG_CXX_LANGUAGE_STANDARD = "gnu++14";
				CLANG_CXX_LIBRARY = "libc++";
				CLANG_ENABLE_MODULES = YES;
				CLANG_ENABLE_OBJC_ARC = YES;
				CLANG_ENABLE_OBJC_WEAK = YES;
				CLANG_WARN_BLOCK_CAPTURE_AUTORELEASING = YES;
				CLANG_WARN_BOOL_CONVERSION = YES;
				CLANG_WARN_COMMA = YES;
				CLANG_WARN_CONSTANT_CONVERSION = YES;
				CLANG_WARN_DEPRECATED_OBJC_IMPLEMENTATIONS = YES;
				CLANG_WARN_DIRECT_OBJC_ISA_USAGE = YES_ERROR;
				CLANG_WARN_DOCUMENTATION_COMMENTS = YES;
				CLANG_WARN_EMPTY_BODY = YES;
				CLANG_WARN_ENUM_CONVERSION = YES;
				CLANG_WARN_INFINITE_RECURSION = YES;
				CLANG_WARN_INT_CONVERSION = YES;
				CLANG_WARN_NON_LITERAL_NULL_CONVERSION = YES;
				CLANG_WARN_OBJC_IMPLICIT_RETAIN_SELF = YES;
				CLANG_WARN_OBJC_LITERAL_CONVERSION = YES;
				CLANG_WARN_OBJC_ROOT_CLASS = YES_ERROR;
				CLANG_WARN_QUOTED_INCLUDE_IN_FRAMEWORK_HEADER = YES;
				CLANG_WARN_RANGE_LOOP_ANALYSIS = YES;
				CLANG_WARN_STRICT_PROTOTYPES = YES;
				CLANG_WARN_SUSPICIOUS_MOVE = YES;
				CLANG_WARN_UNGUARDED_AVAILABILITY = YES_AGGRESSIVE;
				CLANG_WARN_UNREACHABLE_CODE = YES;
				CLANG_WARN__DUPLICATE_METHOD_MATCH = YES;
				COPY_PHASE_STRIP = NO;
				DEBUG_INFORMATION_FORMAT = "dwarf-with-dsym";
				ENABLE_NS_ASSERTIONS = NO;
				ENABLE_STRICT_OBJC_MSGSEND = YES;
				GCC_C_LANGUAGE_STANDARD = gnu11;
				GCC_NO_COMMON_BLOCKS = YES;
				GCC_WARN_64_TO_32_BIT_CONVERSION = YES;
				GCC_WARN_ABOUT_RETURN_TYPE = YES_ERROR;
				GCC_WARN_UNDECLARED_SELECTOR = YES;
				GCC_WARN_UNINITIALIZED_AUTOS = YES_AGGRESSIVE;
				GCC_WARN_UNUSED_FUNCTION = YES;
				GCC_WARN_UNUSED_VARIABLE = YES;
				IPHONEOS_DEPLOYMENT_TARGET = 14.0;
				MTL_ENABLE_DEBUG_INFO = NO;
				MTL_FAST_MATH = YES;
				SDKROOT = iphoneos;
				SWIFT_COMPILATION_MODE = wholemodule;
				SWIFT_OPTIMIZATION_LEVEL = "-O";
				VALIDATE_PRODUCT = YES;
			};
			name = Release;
		};
		3B4C209A251B3D67007FD5C3 /* Debug */ = {
			isa = XCBuildConfiguration;
			buildSettings = {
				ASSETCATALOG_COMPILER_APPICON_NAME = AppIcon;
				ASSETCATALOG_COMPILER_GLOBAL_ACCENT_COLOR_NAME = AccentColor;
				CODE_SIGN_STYLE = Automatic;
				DEVELOPMENT_ASSET_PATHS = "\"CoreDataDemo/Preview Content\"";
				ENABLE_PREVIEWS = YES;
				INFOPLIST_FILE = CoreDataDemo/Info.plist;
				IPHONEOS_DEPLOYMENT_TARGET = 14.0;
				LD_RUNPATH_SEARCH_PATHS = (
					"$(inherited)",
					"@executable_path/Frameworks",
				);
				PRODUCT_BUNDLE_IDENTIFIER = cn.com.tTao.CoreDataDemo;
				PRODUCT_NAME = "$(TARGET_NAME)";
				SWIFT_VERSION = 5.0;
				TARGETED_DEVICE_FAMILY = "1,2";
			};
			name = Debug;
		};
		3B4C209B251B3D67007FD5C3 /* Release */ = {
			isa = XCBuildConfiguration;
			buildSettings = {
				ASSETCATALOG_COMPILER_APPICON_NAME = AppIcon;
				ASSETCATALOG_COMPILER_GLOBAL_ACCENT_COLOR_NAME = AccentColor;
				CODE_SIGN_STYLE = Automatic;
				DEVELOPMENT_ASSET_PATHS = "\"CoreDataDemo/Preview Content\"";
				ENABLE_PREVIEWS = YES;
				INFOPLIST_FILE = CoreDataDemo/Info.plist;
				IPHONEOS_DEPLOYMENT_TARGET = 14.0;
				LD_RUNPATH_SEARCH_PATHS = (
					"$(inherited)",
					"@executable_path/Frameworks",
				);
				PRODUCT_BUNDLE_IDENTIFIER = cn.com.tTao.CoreDataDemo;
				PRODUCT_NAME = "$(TARGET_NAME)";
				SWIFT_VERSION = 5.0;
				TARGETED_DEVICE_FAMILY = "1,2";
			};
			name = Release;
		};
/* End XCBuildConfiguration section */

/* Begin XCConfigurationList section */
		3B4C2080251B3D65007FD5C3 /* Build configuration list for PBXProject "CoreDataDemo" */ = {
			isa = XCConfigurationList;
			buildConfigurations = (
				3B4C2097251B3D67007FD5C3 /* Debug */,
				3B4C2098251B3D67007FD5C3 /* Release */,
			);
			defaultConfigurationIsVisible = 0;
			defaultConfigurationName = Release;
		};
		3B4C2099251B3D67007FD5C3 /* Build configuration list for PBXNativeTarget "CoreDataDemo" */ = {
			isa = XCConfigurationList;
			buildConfigurations = (
				3B4C209A251B3D67007FD5C3 /* Debug */,
				3B4C209B251B3D67007FD5C3 /* Release */,
			);
			defaultConfigurationIsVisible = 0;
			defaultConfigurationName = Release;
		};
/* End XCConfigurationList section */

/* Begin XCVersionGroup section */
		3B4C2093251B3D67007FD5C3 /* CoreDataDemo.xcdatamodeld */ = {
			isa = XCVersionGroup;
			children = (
				3B4C2094251B3D67007FD5C3 /* CoreDataDemo.xcdatamodel */,
			);
			currentVersion = 3B4C2094251B3D67007FD5C3 /* CoreDataDemo.xcdatamodel */;
			path = CoreDataDemo.xcdatamodeld;
			sourceTree = "<group>";
			versionGroupType = wrapper.xcdatamodel;
		};
/* End XCVersionGroup section */
	};
	rootObject = 3B4C207D251B3D65007FD5C3 /* Project object */;
}
